
Microsoft Visual Studio Solution File, Format Version 12.00
# Visual Studio Version 16
VisualStudioVersion = 16.0.30523.141
MinimumVisualStudioVersion = 10.0.40219.1
Project("{FAE04EC0-301F-11D3-BF4B-00C04F79EFBC}") = "TesteTecnico", "TesteTecnico\TesteTecnico.csproj", "{20228EC5-994A-4E21-9E91-CB58A92282B5}"
EndProject
Global
	GlobalSection(SolutionConfigurationPlatforms) = preSolution
		Debug|Any CPU = Debug|Any CPU
		Release|Any CPU = Release|Any CPU
	EndGlobalSection
	GlobalSection(ProjectConfigurationPlatforms) = postSolution
		{20228EC5-994A-4E21-9E91-CB58A92282B5}.Debug|Any CPU.ActiveCfg = Debug|Any CPU
		{20228EC5-994A-4E21-9E91-CB58A92282B5}.Debug|Any CPU.Build.0 = Debug|Any CPU
		{20228EC5-994A-4E21-9E91-CB58A92282B5}.Release|Any CPU.ActiveCfg = Release|Any CPU
		{20228EC5-994A-4E21-9E91-CB58A92282B5}.Release|Any CPU.Build.0 = Release|Any CPU
	EndGlobalSection
	GlobalSection(SolutionProperties) = preSolution
		HideSolutionNode = FALSE
	EndGlobalSection
	GlobalSection(ExtensibilityGlobals) = postSolution
		SolutionGuid = {136DF856-1BDE-426C-8E52-6D6A454CD92A}
	EndGlobalSection
EndGlobal
